
Microsoft Visual Studio Solution File, Format Version 12.00
# Visual Studio Version 16
VisualStudioVersion = 16.0.30523.141
MinimumVisualStudioVersion = 10.0.40219.1
Project("{FAE04EC0-301F-11D3-BF4B-00C04F79EFBC}") = "Calculator", "Calculator.csproj", "{F919E630-EE3C-4459-96FA-AF9823E15272}"
EndProject
Global
	GlobalSection(SolutionConfigurationPlatforms) = preSolution
		Debug|Any CPU = Debug|Any CPU
		Release|Any CPU = Release|Any CPU
	EndGlobalSection
	GlobalSection(ProjectConfigurationPlatforms) = postSolution
		{F919E630-EE3C-4459-96FA-AF9823E15272}.Debug|Any CPU.ActiveCfg = Debug|Any CPU
		{F919E630-EE3C-4459-96FA-AF9823E15272}.Debug|Any CPU.Build.0 = Debug|Any CPU
		{F919E630-EE3C-4459-96FA-AF9823E15272}.Release|Any CPU.ActiveCfg = Release|Any CPU
		{F919E630-EE3C-4459-96FA-AF9823E15272}.Release|Any CPU.Build.0 = Release|Any CPU
	EndGlobalSection
	GlobalSection(SolutionProperties) = preSolution
		HideSolutionNode = FALSE
	EndGlobalSection
	GlobalSection(ExtensibilityGlobals) = postSolution
		SolutionGuid = {DDE5DBB8-90E8-4366-A595-8B5DFC04318D}
	EndGlobalSection
EndGlobal
